
Microsoft Visual Studio Solution File, Format Version 12.00
# Visual Studio Version 17
VisualStudioVersion = 17.8.34316.72
MinimumVisualStudioVersion = 10.0.40219.1
Project("{FAE04EC0-301F-11D3-BF4B-00C04F79EFBC}") = "DistributedCaching", "DistributedCaching\DistributedCaching.csproj", "{FA71B36F-A8DF-41FA-A8B2-B79D96C97BE2}"
EndProject
Global
	GlobalSection(SolutionConfigurationPlatforms) = preSolution
		Debug|Any CPU = Debug|Any CPU
		Release|Any CPU = Release|Any CPU
	EndGlobalSection
	GlobalSection(ProjectConfigurationPlatforms) = postSolution
		{FA71B36F-A8DF-41FA-A8B2-B79D96C97BE2}.Debug|Any CPU.ActiveCfg = Debug|Any CPU
		{FA71B36F-A8DF-41FA-A8B2-B79D96C97BE2}.Debug|Any CPU.Build.0 = Debug|Any CPU
		{FA71B36F-A8DF-41FA-A8B2-B79D96C97BE2}.Release|Any CPU.ActiveCfg = Release|Any CPU
		{FA71B36F-A8DF-41FA-A8B2-B79D96C97BE2}.Release|Any CPU.Build.0 = Release|Any CPU
	EndGlobalSection
	GlobalSection(SolutionProperties) = preSolution
		HideSolutionNode = FALSE
	EndGlobalSection
	GlobalSection(ExtensibilityGlobals) = postSolution
		SolutionGuid = {5E92C086-EF4A-4922-86BA-5E29FC36910D}
	EndGlobalSection
EndGlobal
